
Microsoft Visual Studio Solution File, Format Version 12.00
# Visual Studio Version 17
VisualStudioVersion = 17.0.31903.59
MinimumVisualStudioVersion = 10.0.40219.1
Project("{2150E333-8FDC-42A3-9474-1A3956D46DE8}") = "Web", "Web", "{4796554E-5940-4DDB-82C6-FB945728D462}"
EndProject
Project("{2150E333-8FDC-42A3-9474-1A3956D46DE8}") = "Windows", "Windows", "{18BC5DE3-0643-4985-8FAC-8A9D5ACBB873}"
EndProject
Project("{2150E333-8FDC-42A3-9474-1A3956D46DE8}") = "Solution Items", "Solution Items", "{1FDEE444-9864-425B-A92D-376315827B06}"
	ProjectSection(SolutionItems) = preProject
		InstantMessage.snk = InstantMessage.snk
	EndProjectSection
EndProject
Project("{2150E333-8FDC-42A3-9474-1A3956D46DE8}") = "Specialized", "Specialized", "{132DC845-7C7B-4585-A851-06BCEC013610}"
EndProject
Project("{2150E333-8FDC-42A3-9474-1A3956D46DE8}") = "Standard", "Standard", "{1802A725-59E0-4C4C-AE74-0D901A9FEB38}"
EndProject
Project("{2150E333-8FDC-42A3-9474-1A3956D46DE8}") = "Unit Testing", "Unit Testing", "{B06929F7-6BD1-4167-B95B-29955A6F00DC}"
EndProject
Project("{FAE04EC0-301F-11D3-BF4B-00C04F79EFBC}") = "NexusWeb", "NexusWeb\NexusWeb.csproj", "{C96933B7-1EC5-422E-9FEA-5ABDF2A7CBDB}"
EndProject
Project("{FAE04EC0-301F-11D3-BF4B-00C04F79EFBC}") = "BaseProtocolLibrary", "BaseProtocolLibrary\BaseProtocolLibrary.csproj", "{80D4A705-5573-46DD-BC98-5E80F8DA2752}"
EndProject
Project("{FAE04EC0-301F-11D3-BF4B-00C04F79EFBC}") = "NexusIM_Icons", "NexusIM_Icons\NexusIM_Icons.csproj", "{E851D4D7-09AB-4A1B-BCE6-5BA5AB7D9832}"
EndProject
Project("{FAE04EC0-301F-11D3-BF4B-00C04F79EFBC}") = "CloudTests", "CloudTests\CloudTests.csproj", "{3A3471A3-0520-4455-B2CB-3085C56D98AF}"
EndProject
Project("{FAE04EC0-301F-11D3-BF4B-00C04F79EFBC}") = "WebTests", "WebTests\WebTests.csproj", "{2EDD4E27-C303-4B43-9952-D134E10C4D71}"
EndProject
Project("{FAE04EC0-301F-11D3-BF4B-00C04F79EFBC}") = "Common", "Common\Common.csproj", "{C7160D19-C079-4F3A-ABA9-8E27BD61CD90}"
EndProject
Project("{FAE04EC0-301F-11D3-BF4B-00C04F79EFBC}") = "ProtocolTests", "ProtocolTests\ProtocolTests.csproj", "{77CD6071-AB8D-45E0-949E-A35F81AAAD18}"
EndProject
Project("{FAE04EC0-301F-11D3-BF4B-00C04F79EFBC}") = "DbTests", "DbTests\DbTests.csproj", "{25D06793-6B31-4CF5-8204-B67D4DFED61F}"
EndProject
Project("{FAE04EC0-301F-11D3-BF4B-00C04F79EFBC}") = "NexusIMWPF", "NexusIMWPF\NexusIMWPF.csproj", "{9B97B80F-19A6-4DA8-9BF6-FEBAB72E2CA4}"
EndProject
Project("{FAE04EC0-301F-11D3-BF4B-00C04F79EFBC}") = "DatabaseReferences", "DatabaseReferences\DatabaseReferences.csproj", "{9110CC1D-228A-4D53-B02D-5BE731951554}"
EndProject
Project("{FAE04EC0-301F-11D3-BF4B-00C04F79EFBC}") = "NexusIMTests", "NexusIMTests\NexusIMTests.csproj", "{C4AB9F05-6902-4BE8-BAAE-0C0EBC114B77}"
EndProject
Global
	GlobalSection(SolutionConfigurationPlatforms) = preSolution
		Debug|Any CPU = Debug|Any CPU
		Debug|Mixed Platforms = Debug|Mixed Platforms
		Debug|x86 = Debug|x86
		Release|Any CPU = Release|Any CPU
		Release|Mixed Platforms = Release|Mixed Platforms
		Release|x86 = Release|x86
	EndGlobalSection
	GlobalSection(ProjectConfigurationPlatforms) = postSolution
		{C96933B7-1EC5-422E-9FEA-5ABDF2A7CBDB}.Debug|Any CPU.ActiveCfg = Debug|Any CPU
		{C96933B7-1EC5-422E-9FEA-5ABDF2A7CBDB}.Debug|Any CPU.Build.0 = Debug|Any CPU
		{C96933B7-1EC5-422E-9FEA-5ABDF2A7CBDB}.Debug|Mixed Platforms.ActiveCfg = Debug|Any CPU
		{C96933B7-1EC5-422E-9FEA-5ABDF2A7CBDB}.Debug|Mixed Platforms.Build.0 = Debug|Any CPU
		{C96933B7-1EC5-422E-9FEA-5ABDF2A7CBDB}.Debug|x86.ActiveCfg = Debug|Any CPU
		{C96933B7-1EC5-422E-9FEA-5ABDF2A7CBDB}.Release|Any CPU.ActiveCfg = Release|Any CPU
		{C96933B7-1EC5-422E-9FEA-5ABDF2A7CBDB}.Release|Any CPU.Build.0 = Release|Any CPU
		{C96933B7-1EC5-422E-9FEA-5ABDF2A7CBDB}.Release|Mixed Platforms.ActiveCfg = Release|Any CPU
		{C96933B7-1EC5-422E-9FEA-5ABDF2A7CBDB}.Release|Mixed Platforms.Build.0 = Release|Any CPU
		{C96933B7-1EC5-422E-9FEA-5ABDF2A7CBDB}.Release|x86.ActiveCfg = Release|Any CPU
		{80D4A705-5573-46DD-BC98-5E80F8DA2752}.Debug|Any CPU.ActiveCfg = Debug|Any CPU
		{80D4A705-5573-46DD-BC98-5E80F8DA2752}.Debug|Any CPU.Build.0 = Debug|Any CPU
		{80D4A705-5573-46DD-BC98-5E80F8DA2752}.Debug|Mixed Platforms.ActiveCfg = Debug|Any CPU
		{80D4A705-5573-46DD-BC98-5E80F8DA2752}.Debug|Mixed Platforms.Build.0 = Debug|Any CPU
		{80D4A705-5573-46DD-BC98-5E80F8DA2752}.Debug|x86.ActiveCfg = Debug|Any CPU
		{80D4A705-5573-46DD-BC98-5E80F8DA2752}.Release|Any CPU.ActiveCfg = Release|Any CPU
		{80D4A705-5573-46DD-BC98-5E80F8DA2752}.Release|Any CPU.Build.0 = Release|Any CPU
		{80D4A705-5573-46DD-BC98-5E80F8DA2752}.Release|Mixed Platforms.ActiveCfg = Release|Any CPU
		{80D4A705-5573-46DD-BC98-5E80F8DA2752}.Release|Mixed Platforms.Build.0 = Release|Any CPU
		{80D4A705-5573-46DD-BC98-5E80F8DA2752}.Release|x86.ActiveCfg = Release|Any CPU
		{E851D4D7-09AB-4A1B-BCE6-5BA5AB7D9832}.Debug|Any CPU.ActiveCfg = Debug|Any CPU
		{E851D4D7-09AB-4A1B-BCE6-5BA5AB7D9832}.Debug|Mixed Platforms.ActiveCfg = Debug|Any CPU
		{E851D4D7-09AB-4A1B-BCE6-5BA5AB7D9832}.Debug|Mixed Platforms.Build.0 = Debug|Any CPU
		{E851D4D7-09AB-4A1B-BCE6-5BA5AB7D9832}.Debug|x86.ActiveCfg = Debug|Any CPU
		{E851D4D7-09AB-4A1B-BCE6-5BA5AB7D9832}.Release|Any CPU.ActiveCfg = Release|Any CPU
		{E851D4D7-09AB-4A1B-BCE6-5BA5AB7D9832}.Release|Mixed Platforms.ActiveCfg = Release|Any CPU
		{E851D4D7-09AB-4A1B-BCE6-5BA5AB7D9832}.Release|Mixed Platforms.Build.0 = Release|Any CPU
		{E851D4D7-09AB-4A1B-BCE6-5BA5AB7D9832}.Release|x86.ActiveCfg = Release|Any CPU
		{3A3471A3-0520-4455-B2CB-3085C56D98AF}.Debug|Any CPU.ActiveCfg = Debug|Any CPU
		{3A3471A3-0520-4455-B2CB-3085C56D98AF}.Debug|Any CPU.Build.0 = Debug|Any CPU
		{3A3471A3-0520-4455-B2CB-3085C56D98AF}.Debug|Mixed Platforms.ActiveCfg = Debug|Any CPU
		{3A3471A3-0520-4455-B2CB-3085C56D98AF}.Debug|Mixed Platforms.Build.0 = Debug|Any CPU
		{3A3471A3-0520-4455-B2CB-3085C56D98AF}.Debug|x86.ActiveCfg = Debug|Any CPU
		{3A3471A3-0520-4455-B2CB-3085C56D98AF}.Release|Any CPU.ActiveCfg = Release|Any CPU
		{3A3471A3-0520-4455-B2CB-3085C56D98AF}.Release|Any CPU.Build.0 = Release|Any CPU
		{3A3471A3-0520-4455-B2CB-3085C56D98AF}.Release|Mixed Platforms.ActiveCfg = Release|Any CPU
		{3A3471A3-0520-4455-B2CB-3085C56D98AF}.Release|Mixed Platforms.Build.0 = Release|Any CPU
		{3A3471A3-0520-4455-B2CB-3085C56D98AF}.Release|x86.ActiveCfg = Release|Any CPU
		{2EDD4E27-C303-4B43-9952-D134E10C4D71}.Debug|Any CPU.ActiveCfg = Debug|Any CPU
		{2EDD4E27-C303-4B43-9952-D134E10C4D71}.Debug|Any CPU.Build.0 = Debug|Any CPU
		{2EDD4E27-C303-4B43-9952-D134E10C4D71}.Debug|Mixed Platforms.ActiveCfg = Debug|Any CPU
		{2EDD4E27-C303-4B43-9952-D134E10C4D71}.Debug|Mixed Platforms.Build.0 = Debug|Any CPU
		{2EDD4E27-C303-4B43-9952-D134E10C4D71}.Debug|x86.ActiveCfg = Debug|Any CPU
		{2EDD4E27-C303-4B43-9952-D134E10C4D71}.Release|Any CPU.ActiveCfg = Release|Any CPU
		{2EDD4E27-C303-4B43-9952-D134E10C4D71}.Release|Any CPU.Build.0 = Release|Any CPU
		{2EDD4E27-C303-4B43-9952-D134E10C4D71}.Release|Mixed Platforms.ActiveCfg = Release|Any CPU
		{2EDD4E27-C303-4B43-9952-D134E10C4D71}.Release|Mixed Platforms.Build.0 = Release|Any CPU
		{2EDD4E27-C303-4B43-9952-D134E10C4D71}.Release|x86.ActiveCfg = Release|Any CPU
		{C7160D19-C079-4F3A-ABA9-8E27BD61CD90}.Debug|Any CPU.ActiveCfg = Debug|Any CPU
		{C7160D19-C079-4F3A-ABA9-8E27BD61CD90}.Debug|Any CPU.Build.0 = Debug|Any CPU
		{C7160D19-C079-4F3A-ABA9-8E27BD61CD90}.Debug|Mixed Platforms.ActiveCfg = Debug|Any CPU
		{C7160D19-C079-4F3A-ABA9-8E27BD61CD90}.Debug|Mixed Platforms.Build.0 = Debug|Any CPU
		{C7160D19-C079-4F3A-ABA9-8E27BD61CD90}.Debug|x86.ActiveCfg = Debug|Any CPU
		{C7160D19-C079-4F3A-ABA9-8E27BD61CD90}.Release|Any CPU.ActiveCfg = Release|Any CPU
		{C7160D19-C079-4F3A-ABA9-8E27BD61CD90}.Release|Any CPU.Build.0 = Release|Any CPU
		{C7160D19-C079-4F3A-ABA9-8E27BD61CD90}.Release|Mixed Platforms.ActiveCfg = Release|Any CPU
		{C7160D19-C079-4F3A-ABA9-8E27BD61CD90}.Release|Mixed Platforms.Build.0 = Release|Any CPU
		{C7160D19-C079-4F3A-ABA9-8E27BD61CD90}.Release|x86.ActiveCfg = Release|Any CPU
		{77CD6071-AB8D-45E0-949E-A35F81AAAD18}.Debug|Any CPU.ActiveCfg = Debug|Any CPU
		{77CD6071-AB8D-45E0-949E-A35F81AAAD18}.Debug|Any CPU.Build.0 = Debug|Any CPU
		{77CD6071-AB8D-45E0-949E-A35F81AAAD18}.Debug|Mixed Platforms.ActiveCfg = Debug|Any CPU
		{77CD6071-AB8D-45E0-949E-A35F81AAAD18}.Debug|Mixed Platforms.Build.0 = Debug|Any CPU
		{77CD6071-AB8D-45E0-949E-A35F81AAAD18}.Debug|x86.ActiveCfg = Debug|Any CPU
		{77CD6071-AB8D-45E0-949E-A35F81AAAD18}.Release|Any CPU.ActiveCfg = Release|Any CPU
		{77CD6071-AB8D-45E0-949E-A35F81AAAD18}.Release|Any CPU.Build.0 = Release|Any CPU
		{77CD6071-AB8D-45E0-949E-A35F81AAAD18}.Release|Mixed Platforms.ActiveCfg = Release|Any CPU
		{77CD6071-AB8D-45E0-949E-A35F81AAAD18}.Release|Mixed Platforms.Build.0 = Release|Any CPU
		{77CD6071-AB8D-45E0-949E-A35F81AAAD18}.Release|x86.ActiveCfg = Release|Any CPU
		{25D06793-6B31-4CF5-8204-B67D4DFED61F}.Debug|Any CPU.ActiveCfg = Debug|Any CPU
		{25D06793-6B31-4CF5-8204-B67D4DFED61F}.Debug|Any CPU.Build.0 = Debug|Any CPU
		{25D06793-6B31-4CF5-8204-B67D4DFED61F}.Debug|Mixed Platforms.ActiveCfg = Debug|Any CPU
		{25D06793-6B31-4CF5-8204-B67D4DFED61F}.Debug|Mixed Platforms.Build.0 = Debug|Any CPU
		{25D06793-6B31-4CF5-8204-B67D4DFED61F}.Debug|x86.ActiveCfg = Debug|Any CPU
		{25D06793-6B31-4CF5-8204-B67D4DFED61F}.Release|Any CPU.ActiveCfg = Release|Any CPU
		{25D06793-6B31-4CF5-8204-B67D4DFED61F}.Release|Any CPU.Build.0 = Release|Any CPU
		{25D06793-6B31-4CF5-8204-B67D4DFED61F}.Release|Mixed Platforms.ActiveCfg = Release|Any CPU
		{25D06793-6B31-4CF5-8204-B67D4DFED61F}.Release|Mixed Platforms.Build.0 = Release|Any CPU
		{25D06793-6B31-4CF5-8204-B67D4DFED61F}.Release|x86.ActiveCfg = Release|Any CPU
		{9B97B80F-19A6-4DA8-9BF6-FEBAB72E2CA4}.Debug|Any CPU.ActiveCfg = Debug|Any CPU
		{9B97B80F-19A6-4DA8-9BF6-FEBAB72E2CA4}.Debug|Any CPU.Build.0 = Debug|Any CPU
		{9B97B80F-19A6-4DA8-9BF6-FEBAB72E2CA4}.Debug|Mixed Platforms.ActiveCfg = Debug|Any CPU
		{9B97B80F-19A6-4DA8-9BF6-FEBAB72E2CA4}.Debug|Mixed Platforms.Build.0 = Debug|Any CPU
		{9B97B80F-19A6-4DA8-9BF6-FEBAB72E2CA4}.Debug|x86.ActiveCfg = Debug|Any CPU
		{9B97B80F-19A6-4DA8-9BF6-FEBAB72E2CA4}.Release|Any CPU.ActiveCfg = Release|Any CPU
		{9B97B80F-19A6-4DA8-9BF6-FEBAB72E2CA4}.Release|Any CPU.Build.0 = Release|Any CPU
		{9B97B80F-19A6-4DA8-9BF6-FEBAB72E2CA4}.Release|Mixed Platforms.ActiveCfg = Release|Any CPU
		{9B97B80F-19A6-4DA8-9BF6-FEBAB72E2CA4}.Release|Mixed Platforms.Build.0 = Release|Any CPU
		{9B97B80F-19A6-4DA8-9BF6-FEBAB72E2CA4}.Release|x86.ActiveCfg = Release|Any CPU
		{9110CC1D-228A-4D53-B02D-5BE731951554}.Debug|Any CPU.ActiveCfg = Debug|Any CPU
		{9110CC1D-228A-4D53-B02D-5BE731951554}.Debug|Any CPU.Build.0 = Debug|Any CPU
		{9110CC1D-228A-4D53-B02D-5BE731951554}.Debug|Mixed Platforms.ActiveCfg = Debug|Any CPU
		{9110CC1D-228A-4D53-B02D-5BE731951554}.Debug|Mixed Platforms.Build.0 = Debug|Any CPU
		{9110CC1D-228A-4D53-B02D-5BE731951554}.Debug|x86.ActiveCfg = Debug|Any CPU
		{9110CC1D-228A-4D53-B02D-5BE731951554}.Release|Any CPU.ActiveCfg = Release|Any CPU
		{9110CC1D-228A-4D53-B02D-5BE731951554}.Release|Any CPU.Build.0 = Release|Any CPU
		{9110CC1D-228A-4D53-B02D-5BE731951554}.Release|Mixed Platforms.ActiveCfg = Release|Any CPU
		{9110CC1D-228A-4D53-B02D-5BE731951554}.Release|Mixed Platforms.Build.0 = Release|Any CPU
		{9110CC1D-228A-4D53-B02D-5BE731951554}.Release|x86.ActiveCfg = Release|Any CPU
		{C4AB9F05-6902-4BE8-BAAE-0C0EBC114B77}.Debug|Any CPU.ActiveCfg = Debug|Any CPU
		{C4AB9F05-6902-4BE8-BAAE-0C0EBC114B77}.Debug|Any CPU.Build.0 = Debug|Any CPU
		{C4AB9F05-6902-4BE8-BAAE-0C0EBC114B77}.Debug|Mixed Platforms.ActiveCfg = Debug|Any CPU
		{C4AB9F05-6902-4BE8-BAAE-0C0EBC114B77}.Debug|Mixed Platforms.Build.0 = Debug|Any CPU
		{C4AB9F05-6902-4BE8-BAAE-0C0EBC114B77}.Debug|x86.ActiveCfg = Debug|Any CPU
		{C4AB9F05-6902-4BE8-BAAE-0C0EBC114B77}.Release|Any CPU.ActiveCfg = Release|Any CPU
		{C4AB9F05-6902-4BE8-BAAE-0C0EBC114B77}.Release|Any CPU.Build.0 = Release|Any CPU
		{C4AB9F05-6902-4BE8-BAAE-0C0EBC114B77}.Release|Mixed Platforms.ActiveCfg = Release|Any CPU
		{C4AB9F05-6902-4BE8-BAAE-0C0EBC114B77}.Release|Mixed Platforms.Build.0 = Release|Any CPU
		{C4AB9F05-6902-4BE8-BAAE-0C0EBC114B77}.Release|x86.ActiveCfg = Release|Any CPU
	EndGlobalSection
	GlobalSection(SolutionProperties) = preSolution
		HideSolutionNode = FALSE
	EndGlobalSection
	GlobalSection(NestedProjects) = preSolution
		{132DC845-7C7B-4585-A851-06BCEC013610} = {18BC5DE3-0643-4985-8FAC-8A9D5ACBB873}
		{1802A725-59E0-4C4C-AE74-0D901A9FEB38} = {18BC5DE3-0643-4985-8FAC-8A9D5ACBB873}
		{C96933B7-1EC5-422E-9FEA-5ABDF2A7CBDB} = {4796554E-5940-4DDB-82C6-FB945728D462}
		{80D4A705-5573-46DD-BC98-5E80F8DA2752} = {18BC5DE3-0643-4985-8FAC-8A9D5ACBB873}
		{E851D4D7-09AB-4A1B-BCE6-5BA5AB7D9832} = {1802A725-59E0-4C4C-AE74-0D901A9FEB38}
		{3A3471A3-0520-4455-B2CB-3085C56D98AF} = {B06929F7-6BD1-4167-B95B-29955A6F00DC}
		{2EDD4E27-C303-4B43-9952-D134E10C4D71} = {B06929F7-6BD1-4167-B95B-29955A6F00DC}
		{C7160D19-C079-4F3A-ABA9-8E27BD61CD90} = {18BC5DE3-0643-4985-8FAC-8A9D5ACBB873}
		{77CD6071-AB8D-45E0-949E-A35F81AAAD18} = {B06929F7-6BD1-4167-B95B-29955A6F00DC}
		{25D06793-6B31-4CF5-8204-B67D4DFED61F} = {B06929F7-6BD1-4167-B95B-29955A6F00DC}
		{9B97B80F-19A6-4DA8-9BF6-FEBAB72E2CA4} = {1802A725-59E0-4C4C-AE74-0D901A9FEB38}
		{C4AB9F05-6902-4BE8-BAAE-0C0EBC114B77} = {B06929F7-6BD1-4167-B95B-29955A6F00DC}
	EndGlobalSection
	GlobalSection(ExtensibilityGlobals) = postSolution
		SolutionGuid = {107BFB1B-FD11-489A-AEDF-F43170554904}
	EndGlobalSection
	GlobalSection(SubversionScc) = preSolution
		Svn-Managed = True
		Manager = AnkhSVN - Subversion Support for Visual Studio
	EndGlobalSection
	GlobalSection(TestCaseManagementSettings) = postSolution
		CategoryFile = InstantMessage.vsmdi
	EndGlobalSection
EndGlobal
