
Microsoft Visual Studio Solution File, Format Version 11.00
# Visual Studio 2010
Project("{2150E333-8FDC-42A3-9474-1A3956D46DE8}") = "Mobile", "Mobile", "{CC48D5C9-E769-4835-82B4-435AA1CDC8AB}"
EndProject
Project("{2150E333-8FDC-42A3-9474-1A3956D46DE8}") = "Web", "Web", "{4796554E-5940-4DDB-82C6-FB945728D462}"
EndProject
Project("{2150E333-8FDC-42A3-9474-1A3956D46DE8}") = "Windows", "Windows", "{18BC5DE3-0643-4985-8FAC-8A9D5ACBB873}"
EndProject
Project("{2150E333-8FDC-42A3-9474-1A3956D46DE8}") = "Cloud", "Cloud", "{25A1A61A-0023-4192-9B71-72C5AEEEE82A}"
EndProject
Project("{2150E333-8FDC-42A3-9474-1A3956D46DE8}") = "Windows Mobile", "Windows Mobile", "{1C832122-C1CC-4A12-A906-5CE4020F7D28}"
EndProject
Project("{2150E333-8FDC-42A3-9474-1A3956D46DE8}") = "Zune", "Zune", "{493C7BAB-7C93-49DD-96B9-F881AD20C100}"
EndProject
Project("{2150E333-8FDC-42A3-9474-1A3956D46DE8}") = "Solution Items", "Solution Items", "{1FDEE444-9864-425B-A92D-376315827B06}"
	ProjectSection(SolutionItems) = preProject
		InstantMessage.snk = InstantMessage.snk
		InstantMessage.vsmdi = InstantMessage.vsmdi
		LocalTestRun.testrunconfig = LocalTestRun.testrunconfig
	EndProjectSection
EndProject
Project("{2150E333-8FDC-42A3-9474-1A3956D46DE8}") = "Specialized", "Specialized", "{132DC845-7C7B-4585-A851-06BCEC013610}"
EndProject
Project("{2150E333-8FDC-42A3-9474-1A3956D46DE8}") = "Standard", "Standard", "{1802A725-59E0-4C4C-AE74-0D901A9FEB38}"
EndProject
Project("{2150E333-8FDC-42A3-9474-1A3956D46DE8}") = "Unit Testing", "Unit Testing", "{B06929F7-6BD1-4167-B95B-29955A6F00DC}"
EndProject
Project("{2150E333-8FDC-42A3-9474-1A3956D46DE8}") = "SilverlightStuff", "SilverlightStuff", "{FE59A220-92A7-4DF0-A2D8-1B1E495B1F86}"
EndProject
Project("{FAE04EC0-301F-11D3-BF4B-00C04F79EFBC}") = "NexusIM", "NexusIM\NexusIM.csproj", "{E19E7900-AA18-4167-A539-954E1285C45F}"
	ProjectSection(ProjectDependencies) = postProject
		{A42A82EB-0CEF-4A38-A187-676005434BD6} = {A42A82EB-0CEF-4A38-A187-676005434BD6}
	EndProjectSection
EndProject
Project("{FAE04EC0-301F-11D3-BF4B-00C04F79EFBC}") = "NexusCore", "NexusCore\NexusCore.csproj", "{A42A82EB-0CEF-4A38-A187-676005434BD6}"
EndProject
Project("{FAE04EC0-301F-11D3-BF4B-00C04F79EFBC}") = "NexusWeb", "NexusWeb\NexusWeb.csproj", "{C96933B7-1EC5-422E-9FEA-5ABDF2A7CBDB}"
EndProject
Project("{FAE04EC0-301F-11D3-BF4B-00C04F79EFBC}") = "BaseProtocolLibrary", "BaseProtocolLibrary\BaseProtocolLibrary.csproj", "{80D4A705-5573-46DD-BC98-5E80F8DA2752}"
EndProject
Project("{FAE04EC0-301F-11D3-BF4B-00C04F79EFBC}") = "NexusIM_Icons", "NexusIM_Icons\NexusIM_Icons.csproj", "{E851D4D7-09AB-4A1B-BCE6-5BA5AB7D9832}"
EndProject
Project("{FAE04EC0-301F-11D3-BF4B-00C04F79EFBC}") = "SilverlightContactMap", "SilverlightContactMap\SilverlightContactMap.csproj", "{4FA9EF63-76D1-480C-8928-26EB0E21D18E}"
	ProjectSection(ProjectDependencies) = postProject
		{A42A82EB-0CEF-4A38-A187-676005434BD6} = {A42A82EB-0CEF-4A38-A187-676005434BD6}
	EndProjectSection
EndProject
Project("{FAE04EC0-301F-11D3-BF4B-00C04F79EFBC}") = "CloudTests", "CloudTests\CloudTests.csproj", "{3A3471A3-0520-4455-B2CB-3085C56D98AF}"
	ProjectSection(ProjectDependencies) = postProject
		{A42A82EB-0CEF-4A38-A187-676005434BD6} = {A42A82EB-0CEF-4A38-A187-676005434BD6}
	EndProjectSection
EndProject
Project("{FAE04EC0-301F-11D3-BF4B-00C04F79EFBC}") = "WebTests", "WebTests\WebTests.csproj", "{2EDD4E27-C303-4B43-9952-D134E10C4D71}"
EndProject
Project("{FAE04EC0-301F-11D3-BF4B-00C04F79EFBC}") = "Common", "Common\Common.csproj", "{C7160D19-C079-4F3A-ABA9-8E27BD61CD90}"
	ProjectSection(ProjectDependencies) = postProject
		{A42A82EB-0CEF-4A38-A187-676005434BD6} = {A42A82EB-0CEF-4A38-A187-676005434BD6}
	EndProjectSection
EndProject
Project("{FAE04EC0-301F-11D3-BF4B-00C04F79EFBC}") = "NewsFeedPushServer", "NewsFeedPushServer\NewsFeedPushServer.csproj", "{4DC5EEEF-2603-4A14-9E5F-D56C2D4A13B1}"
EndProject
Project("{FAE04EC0-301F-11D3-BF4B-00C04F79EFBC}") = "PushTests", "PushTests\PushTests.csproj", "{AE5EDA53-4191-4DC7-B063-294347BF4F29}"
EndProject
Project("{FAE04EC0-301F-11D3-BF4B-00C04F79EFBC}") = "NexusPhone", "NexusPhone\NexusPhone.csproj", "{3B28B6BB-7EE7-46CF-9EA2-C78111E40404}"
EndProject
Project("{FAE04EC0-301F-11D3-BF4B-00C04F79EFBC}") = "ProtocolTests", "ProtocolTests\ProtocolTests.csproj", "{77CD6071-AB8D-45E0-949E-A35F81AAAD18}"
EndProject
Project("{FAE04EC0-301F-11D3-BF4B-00C04F79EFBC}") = "DbTests", "DbTests\DbTests.csproj", "{25D06793-6B31-4CF5-8204-B67D4DFED61F}"
EndProject
Project("{FAE04EC0-301F-11D3-BF4B-00C04F79EFBC}") = "NexusIMWPF", "NexusIMWPF\NexusIMWPF.csproj", "{9B97B80F-19A6-4DA8-9BF6-FEBAB72E2CA4}"
EndProject
Project("{FAE04EC0-301F-11D3-BF4B-00C04F79EFBC}") = "DatabaseReferences", "DatabaseReferences\DatabaseReferences.csproj", "{9110CC1D-228A-4D53-B02D-5BE731951554}"
EndProject
Project("{FAE04EC0-301F-11D3-BF4B-00C04F79EFBC}") = "Word_SendVia", "Word_SendVia\Word_SendVia.csproj", "{A9D3FDE3-DEEB-4EE6-9AB8-24009CC79FE0}"
EndProject
Project("{FAE04EC0-301F-11D3-BF4B-00C04F79EFBC}") = "SilverIM", "SilverIM\SilverIM.csproj", "{B1E3638D-F7B1-47A4-A9A4-9F7C2C231542}"
EndProject
Project("{FAE04EC0-301F-11D3-BF4B-00C04F79EFBC}") = "BaseProtocolLibrary-Silverlight", "BaseProtocolLibrary\BaseProtocolLibrary-Silverlight.csproj", "{14B534DF-918A-42F8-9E2E-E5BEC7D887CA}"
EndProject
Global
	GlobalSection(SubversionScc) = preSolution
		Svn-Managed = True
		Manager = AnkhSVN - Subversion Support for Visual Studio
	EndGlobalSection
	GlobalSection(TestCaseManagementSettings) = postSolution
		CategoryFile = InstantMessage.vsmdi
	EndGlobalSection
	GlobalSection(SolutionConfigurationPlatforms) = preSolution
		Debug|Any CPU = Debug|Any CPU
		Debug|Mixed Platforms = Debug|Mixed Platforms
		Release|Any CPU = Release|Any CPU
		Release|Mixed Platforms = Release|Mixed Platforms
	EndGlobalSection
	GlobalSection(ProjectConfigurationPlatforms) = postSolution
		{E19E7900-AA18-4167-A539-954E1285C45F}.Debug|Any CPU.ActiveCfg = Debug|Any CPU
		{E19E7900-AA18-4167-A539-954E1285C45F}.Debug|Any CPU.Build.0 = Debug|Any CPU
		{E19E7900-AA18-4167-A539-954E1285C45F}.Debug|Mixed Platforms.ActiveCfg = Debug|Any CPU
		{E19E7900-AA18-4167-A539-954E1285C45F}.Debug|Mixed Platforms.Build.0 = Debug|Any CPU
		{E19E7900-AA18-4167-A539-954E1285C45F}.Release|Any CPU.ActiveCfg = Release|Any CPU
		{E19E7900-AA18-4167-A539-954E1285C45F}.Release|Any CPU.Build.0 = Release|Any CPU
		{E19E7900-AA18-4167-A539-954E1285C45F}.Release|Mixed Platforms.ActiveCfg = Release|Any CPU
		{E19E7900-AA18-4167-A539-954E1285C45F}.Release|Mixed Platforms.Build.0 = Release|Any CPU
		{A42A82EB-0CEF-4A38-A187-676005434BD6}.Debug|Any CPU.ActiveCfg = Debug|Any CPU
		{A42A82EB-0CEF-4A38-A187-676005434BD6}.Debug|Any CPU.Build.0 = Debug|Any CPU
		{A42A82EB-0CEF-4A38-A187-676005434BD6}.Debug|Mixed Platforms.ActiveCfg = Debug|Any CPU
		{A42A82EB-0CEF-4A38-A187-676005434BD6}.Debug|Mixed Platforms.Build.0 = Debug|Any CPU
		{A42A82EB-0CEF-4A38-A187-676005434BD6}.Release|Any CPU.ActiveCfg = Release|Any CPU
		{A42A82EB-0CEF-4A38-A187-676005434BD6}.Release|Any CPU.Build.0 = Release|Any CPU
		{A42A82EB-0CEF-4A38-A187-676005434BD6}.Release|Mixed Platforms.ActiveCfg = Release|Any CPU
		{A42A82EB-0CEF-4A38-A187-676005434BD6}.Release|Mixed Platforms.Build.0 = Release|Any CPU
		{C96933B7-1EC5-422E-9FEA-5ABDF2A7CBDB}.Debug|Any CPU.ActiveCfg = Debug|Any CPU
		{C96933B7-1EC5-422E-9FEA-5ABDF2A7CBDB}.Debug|Any CPU.Build.0 = Debug|Any CPU
		{C96933B7-1EC5-422E-9FEA-5ABDF2A7CBDB}.Debug|Mixed Platforms.ActiveCfg = Debug|Any CPU
		{C96933B7-1EC5-422E-9FEA-5ABDF2A7CBDB}.Debug|Mixed Platforms.Build.0 = Debug|Any CPU
		{C96933B7-1EC5-422E-9FEA-5ABDF2A7CBDB}.Release|Any CPU.ActiveCfg = Release|Any CPU
		{C96933B7-1EC5-422E-9FEA-5ABDF2A7CBDB}.Release|Any CPU.Build.0 = Release|Any CPU
		{C96933B7-1EC5-422E-9FEA-5ABDF2A7CBDB}.Release|Mixed Platforms.ActiveCfg = Release|Any CPU
		{C96933B7-1EC5-422E-9FEA-5ABDF2A7CBDB}.Release|Mixed Platforms.Build.0 = Release|Any CPU
		{80D4A705-5573-46DD-BC98-5E80F8DA2752}.Debug|Any CPU.ActiveCfg = Debug|Any CPU
		{80D4A705-5573-46DD-BC98-5E80F8DA2752}.Debug|Any CPU.Build.0 = Debug|Any CPU
		{80D4A705-5573-46DD-BC98-5E80F8DA2752}.Debug|Mixed Platforms.ActiveCfg = Debug|Any CPU
		{80D4A705-5573-46DD-BC98-5E80F8DA2752}.Debug|Mixed Platforms.Build.0 = Debug|Any CPU
		{80D4A705-5573-46DD-BC98-5E80F8DA2752}.Release|Any CPU.ActiveCfg = Release|Any CPU
		{80D4A705-5573-46DD-BC98-5E80F8DA2752}.Release|Any CPU.Build.0 = Release|Any CPU
		{80D4A705-5573-46DD-BC98-5E80F8DA2752}.Release|Mixed Platforms.ActiveCfg = Release|Any CPU
		{80D4A705-5573-46DD-BC98-5E80F8DA2752}.Release|Mixed Platforms.Build.0 = Release|Any CPU
		{E851D4D7-09AB-4A1B-BCE6-5BA5AB7D9832}.Debug|Any CPU.ActiveCfg = Debug|Any CPU
		{E851D4D7-09AB-4A1B-BCE6-5BA5AB7D9832}.Debug|Mixed Platforms.ActiveCfg = Debug|Any CPU
		{E851D4D7-09AB-4A1B-BCE6-5BA5AB7D9832}.Debug|Mixed Platforms.Build.0 = Debug|Any CPU
		{E851D4D7-09AB-4A1B-BCE6-5BA5AB7D9832}.Release|Any CPU.ActiveCfg = Release|Any CPU
		{E851D4D7-09AB-4A1B-BCE6-5BA5AB7D9832}.Release|Mixed Platforms.ActiveCfg = Release|Any CPU
		{E851D4D7-09AB-4A1B-BCE6-5BA5AB7D9832}.Release|Mixed Platforms.Build.0 = Release|Any CPU
		{4FA9EF63-76D1-480C-8928-26EB0E21D18E}.Debug|Any CPU.ActiveCfg = Debug|Any CPU
		{4FA9EF63-76D1-480C-8928-26EB0E21D18E}.Debug|Mixed Platforms.ActiveCfg = Debug|Any CPU
		{4FA9EF63-76D1-480C-8928-26EB0E21D18E}.Debug|Mixed Platforms.Build.0 = Debug|Any CPU
		{4FA9EF63-76D1-480C-8928-26EB0E21D18E}.Release|Any CPU.ActiveCfg = Release|Any CPU
		{4FA9EF63-76D1-480C-8928-26EB0E21D18E}.Release|Mixed Platforms.ActiveCfg = Release|Any CPU
		{4FA9EF63-76D1-480C-8928-26EB0E21D18E}.Release|Mixed Platforms.Build.0 = Release|Any CPU
		{3A3471A3-0520-4455-B2CB-3085C56D98AF}.Debug|Any CPU.ActiveCfg = Debug|Any CPU
		{3A3471A3-0520-4455-B2CB-3085C56D98AF}.Debug|Any CPU.Build.0 = Debug|Any CPU
		{3A3471A3-0520-4455-B2CB-3085C56D98AF}.Debug|Mixed Platforms.ActiveCfg = Debug|Any CPU
		{3A3471A3-0520-4455-B2CB-3085C56D98AF}.Debug|Mixed Platforms.Build.0 = Debug|Any CPU
		{3A3471A3-0520-4455-B2CB-3085C56D98AF}.Release|Any CPU.ActiveCfg = Release|Any CPU
		{3A3471A3-0520-4455-B2CB-3085C56D98AF}.Release|Any CPU.Build.0 = Release|Any CPU
		{3A3471A3-0520-4455-B2CB-3085C56D98AF}.Release|Mixed Platforms.ActiveCfg = Release|Any CPU
		{3A3471A3-0520-4455-B2CB-3085C56D98AF}.Release|Mixed Platforms.Build.0 = Release|Any CPU
		{2EDD4E27-C303-4B43-9952-D134E10C4D71}.Debug|Any CPU.ActiveCfg = Debug|Any CPU
		{2EDD4E27-C303-4B43-9952-D134E10C4D71}.Debug|Any CPU.Build.0 = Debug|Any CPU
		{2EDD4E27-C303-4B43-9952-D134E10C4D71}.Debug|Mixed Platforms.ActiveCfg = Debug|Any CPU
		{2EDD4E27-C303-4B43-9952-D134E10C4D71}.Debug|Mixed Platforms.Build.0 = Debug|Any CPU
		{2EDD4E27-C303-4B43-9952-D134E10C4D71}.Release|Any CPU.ActiveCfg = Release|Any CPU
		{2EDD4E27-C303-4B43-9952-D134E10C4D71}.Release|Any CPU.Build.0 = Release|Any CPU
		{2EDD4E27-C303-4B43-9952-D134E10C4D71}.Release|Mixed Platforms.ActiveCfg = Release|Any CPU
		{2EDD4E27-C303-4B43-9952-D134E10C4D71}.Release|Mixed Platforms.Build.0 = Release|Any CPU
		{C7160D19-C079-4F3A-ABA9-8E27BD61CD90}.Debug|Any CPU.ActiveCfg = Debug|Any CPU
		{C7160D19-C079-4F3A-ABA9-8E27BD61CD90}.Debug|Any CPU.Build.0 = Debug|Any CPU
		{C7160D19-C079-4F3A-ABA9-8E27BD61CD90}.Debug|Mixed Platforms.ActiveCfg = Debug|Any CPU
		{C7160D19-C079-4F3A-ABA9-8E27BD61CD90}.Debug|Mixed Platforms.Build.0 = Debug|Any CPU
		{C7160D19-C079-4F3A-ABA9-8E27BD61CD90}.Release|Any CPU.ActiveCfg = Release|Any CPU
		{C7160D19-C079-4F3A-ABA9-8E27BD61CD90}.Release|Any CPU.Build.0 = Release|Any CPU
		{C7160D19-C079-4F3A-ABA9-8E27BD61CD90}.Release|Mixed Platforms.ActiveCfg = Release|Any CPU
		{C7160D19-C079-4F3A-ABA9-8E27BD61CD90}.Release|Mixed Platforms.Build.0 = Release|Any CPU
		{4DC5EEEF-2603-4A14-9E5F-D56C2D4A13B1}.Debug|Any CPU.ActiveCfg = Debug|x86
		{4DC5EEEF-2603-4A14-9E5F-D56C2D4A13B1}.Debug|Mixed Platforms.ActiveCfg = Debug|x86
		{4DC5EEEF-2603-4A14-9E5F-D56C2D4A13B1}.Release|Any CPU.ActiveCfg = Release|x86
		{4DC5EEEF-2603-4A14-9E5F-D56C2D4A13B1}.Release|Mixed Platforms.ActiveCfg = Release|x86
		{4DC5EEEF-2603-4A14-9E5F-D56C2D4A13B1}.Release|Mixed Platforms.Build.0 = Release|x86
		{AE5EDA53-4191-4DC7-B063-294347BF4F29}.Debug|Any CPU.ActiveCfg = Debug|Any CPU
		{AE5EDA53-4191-4DC7-B063-294347BF4F29}.Debug|Any CPU.Build.0 = Debug|Any CPU
		{AE5EDA53-4191-4DC7-B063-294347BF4F29}.Debug|Mixed Platforms.ActiveCfg = Debug|Any CPU
		{AE5EDA53-4191-4DC7-B063-294347BF4F29}.Debug|Mixed Platforms.Build.0 = Debug|Any CPU
		{AE5EDA53-4191-4DC7-B063-294347BF4F29}.Release|Any CPU.ActiveCfg = Release|Any CPU
		{AE5EDA53-4191-4DC7-B063-294347BF4F29}.Release|Any CPU.Build.0 = Release|Any CPU
		{AE5EDA53-4191-4DC7-B063-294347BF4F29}.Release|Mixed Platforms.ActiveCfg = Release|Any CPU
		{AE5EDA53-4191-4DC7-B063-294347BF4F29}.Release|Mixed Platforms.Build.0 = Release|Any CPU
		{3B28B6BB-7EE7-46CF-9EA2-C78111E40404}.Debug|Any CPU.ActiveCfg = Debug|Any CPU
		{3B28B6BB-7EE7-46CF-9EA2-C78111E40404}.Debug|Mixed Platforms.ActiveCfg = Debug|Any CPU
		{3B28B6BB-7EE7-46CF-9EA2-C78111E40404}.Debug|Mixed Platforms.Build.0 = Debug|Any CPU
		{3B28B6BB-7EE7-46CF-9EA2-C78111E40404}.Debug|Mixed Platforms.Deploy.0 = Debug|Any CPU
		{3B28B6BB-7EE7-46CF-9EA2-C78111E40404}.Release|Any CPU.ActiveCfg = Release|Any CPU
		{3B28B6BB-7EE7-46CF-9EA2-C78111E40404}.Release|Mixed Platforms.ActiveCfg = Release|Any CPU
		{3B28B6BB-7EE7-46CF-9EA2-C78111E40404}.Release|Mixed Platforms.Build.0 = Release|Any CPU
		{3B28B6BB-7EE7-46CF-9EA2-C78111E40404}.Release|Mixed Platforms.Deploy.0 = Release|Any CPU
		{77CD6071-AB8D-45E0-949E-A35F81AAAD18}.Debug|Any CPU.ActiveCfg = Debug|Any CPU
		{77CD6071-AB8D-45E0-949E-A35F81AAAD18}.Debug|Any CPU.Build.0 = Debug|Any CPU
		{77CD6071-AB8D-45E0-949E-A35F81AAAD18}.Debug|Mixed Platforms.ActiveCfg = Debug|Any CPU
		{77CD6071-AB8D-45E0-949E-A35F81AAAD18}.Debug|Mixed Platforms.Build.0 = Debug|Any CPU
		{77CD6071-AB8D-45E0-949E-A35F81AAAD18}.Release|Any CPU.ActiveCfg = Release|Any CPU
		{77CD6071-AB8D-45E0-949E-A35F81AAAD18}.Release|Any CPU.Build.0 = Release|Any CPU
		{77CD6071-AB8D-45E0-949E-A35F81AAAD18}.Release|Mixed Platforms.ActiveCfg = Release|Any CPU
		{77CD6071-AB8D-45E0-949E-A35F81AAAD18}.Release|Mixed Platforms.Build.0 = Release|Any CPU
		{25D06793-6B31-4CF5-8204-B67D4DFED61F}.Debug|Any CPU.ActiveCfg = Debug|Any CPU
		{25D06793-6B31-4CF5-8204-B67D4DFED61F}.Debug|Any CPU.Build.0 = Debug|Any CPU
		{25D06793-6B31-4CF5-8204-B67D4DFED61F}.Debug|Mixed Platforms.ActiveCfg = Debug|Any CPU
		{25D06793-6B31-4CF5-8204-B67D4DFED61F}.Debug|Mixed Platforms.Build.0 = Debug|Any CPU
		{25D06793-6B31-4CF5-8204-B67D4DFED61F}.Release|Any CPU.ActiveCfg = Release|Any CPU
		{25D06793-6B31-4CF5-8204-B67D4DFED61F}.Release|Any CPU.Build.0 = Release|Any CPU
		{25D06793-6B31-4CF5-8204-B67D4DFED61F}.Release|Mixed Platforms.ActiveCfg = Release|Any CPU
		{25D06793-6B31-4CF5-8204-B67D4DFED61F}.Release|Mixed Platforms.Build.0 = Release|Any CPU
		{9B97B80F-19A6-4DA8-9BF6-FEBAB72E2CA4}.Debug|Any CPU.ActiveCfg = Debug|Any CPU
		{9B97B80F-19A6-4DA8-9BF6-FEBAB72E2CA4}.Debug|Any CPU.Build.0 = Debug|Any CPU
		{9B97B80F-19A6-4DA8-9BF6-FEBAB72E2CA4}.Debug|Mixed Platforms.ActiveCfg = Debug|Any CPU
		{9B97B80F-19A6-4DA8-9BF6-FEBAB72E2CA4}.Debug|Mixed Platforms.Build.0 = Debug|Any CPU
		{9B97B80F-19A6-4DA8-9BF6-FEBAB72E2CA4}.Release|Any CPU.ActiveCfg = Release|Any CPU
		{9B97B80F-19A6-4DA8-9BF6-FEBAB72E2CA4}.Release|Any CPU.Build.0 = Release|Any CPU
		{9B97B80F-19A6-4DA8-9BF6-FEBAB72E2CA4}.Release|Mixed Platforms.ActiveCfg = Release|Any CPU
		{9B97B80F-19A6-4DA8-9BF6-FEBAB72E2CA4}.Release|Mixed Platforms.Build.0 = Release|Any CPU
		{9110CC1D-228A-4D53-B02D-5BE731951554}.Debug|Any CPU.ActiveCfg = Debug|Any CPU
		{9110CC1D-228A-4D53-B02D-5BE731951554}.Debug|Any CPU.Build.0 = Debug|Any CPU
		{9110CC1D-228A-4D53-B02D-5BE731951554}.Debug|Mixed Platforms.ActiveCfg = Debug|Any CPU
		{9110CC1D-228A-4D53-B02D-5BE731951554}.Debug|Mixed Platforms.Build.0 = Debug|Any CPU
		{9110CC1D-228A-4D53-B02D-5BE731951554}.Release|Any CPU.ActiveCfg = Release|Any CPU
		{9110CC1D-228A-4D53-B02D-5BE731951554}.Release|Any CPU.Build.0 = Release|Any CPU
		{9110CC1D-228A-4D53-B02D-5BE731951554}.Release|Mixed Platforms.ActiveCfg = Release|Any CPU
		{9110CC1D-228A-4D53-B02D-5BE731951554}.Release|Mixed Platforms.Build.0 = Release|Any CPU
		{A9D3FDE3-DEEB-4EE6-9AB8-24009CC79FE0}.Debug|Any CPU.ActiveCfg = Debug|Any CPU
		{A9D3FDE3-DEEB-4EE6-9AB8-24009CC79FE0}.Debug|Any CPU.Build.0 = Debug|Any CPU
		{A9D3FDE3-DEEB-4EE6-9AB8-24009CC79FE0}.Debug|Mixed Platforms.ActiveCfg = Debug|Any CPU
		{A9D3FDE3-DEEB-4EE6-9AB8-24009CC79FE0}.Debug|Mixed Platforms.Build.0 = Debug|Any CPU
		{A9D3FDE3-DEEB-4EE6-9AB8-24009CC79FE0}.Release|Any CPU.ActiveCfg = Release|Any CPU
		{A9D3FDE3-DEEB-4EE6-9AB8-24009CC79FE0}.Release|Any CPU.Build.0 = Release|Any CPU
		{A9D3FDE3-DEEB-4EE6-9AB8-24009CC79FE0}.Release|Mixed Platforms.ActiveCfg = Release|Any CPU
		{A9D3FDE3-DEEB-4EE6-9AB8-24009CC79FE0}.Release|Mixed Platforms.Build.0 = Release|Any CPU
		{B1E3638D-F7B1-47A4-A9A4-9F7C2C231542}.Debug|Any CPU.ActiveCfg = Debug|Any CPU
		{B1E3638D-F7B1-47A4-A9A4-9F7C2C231542}.Debug|Any CPU.Build.0 = Debug|Any CPU
		{B1E3638D-F7B1-47A4-A9A4-9F7C2C231542}.Debug|Mixed Platforms.ActiveCfg = Debug|Any CPU
		{B1E3638D-F7B1-47A4-A9A4-9F7C2C231542}.Debug|Mixed Platforms.Build.0 = Debug|Any CPU
		{B1E3638D-F7B1-47A4-A9A4-9F7C2C231542}.Release|Any CPU.ActiveCfg = Release|Any CPU
		{B1E3638D-F7B1-47A4-A9A4-9F7C2C231542}.Release|Any CPU.Build.0 = Release|Any CPU
		{B1E3638D-F7B1-47A4-A9A4-9F7C2C231542}.Release|Mixed Platforms.ActiveCfg = Release|Any CPU
		{B1E3638D-F7B1-47A4-A9A4-9F7C2C231542}.Release|Mixed Platforms.Build.0 = Release|Any CPU
		{14B534DF-918A-42F8-9E2E-E5BEC7D887CA}.Debug|Any CPU.ActiveCfg = Debug|Any CPU
		{14B534DF-918A-42F8-9E2E-E5BEC7D887CA}.Debug|Any CPU.Build.0 = Debug|Any CPU
		{14B534DF-918A-42F8-9E2E-E5BEC7D887CA}.Debug|Mixed Platforms.ActiveCfg = Debug|Any CPU
		{14B534DF-918A-42F8-9E2E-E5BEC7D887CA}.Debug|Mixed Platforms.Build.0 = Debug|Any CPU
		{14B534DF-918A-42F8-9E2E-E5BEC7D887CA}.Release|Any CPU.ActiveCfg = Release|Any CPU
		{14B534DF-918A-42F8-9E2E-E5BEC7D887CA}.Release|Any CPU.Build.0 = Release|Any CPU
		{14B534DF-918A-42F8-9E2E-E5BEC7D887CA}.Release|Mixed Platforms.ActiveCfg = Release|Any CPU
		{14B534DF-918A-42F8-9E2E-E5BEC7D887CA}.Release|Mixed Platforms.Build.0 = Release|Any CPU
	EndGlobalSection
	GlobalSection(SolutionProperties) = preSolution
		HideSolutionNode = FALSE
	EndGlobalSection
	GlobalSection(NestedProjects) = preSolution
		{1C832122-C1CC-4A12-A906-5CE4020F7D28} = {CC48D5C9-E769-4835-82B4-435AA1CDC8AB}
		{493C7BAB-7C93-49DD-96B9-F881AD20C100} = {CC48D5C9-E769-4835-82B4-435AA1CDC8AB}
		{FE59A220-92A7-4DF0-A2D8-1B1E495B1F86} = {4796554E-5940-4DDB-82C6-FB945728D462}
		{C96933B7-1EC5-422E-9FEA-5ABDF2A7CBDB} = {4796554E-5940-4DDB-82C6-FB945728D462}
		{4DC5EEEF-2603-4A14-9E5F-D56C2D4A13B1} = {4796554E-5940-4DDB-82C6-FB945728D462}
		{132DC845-7C7B-4585-A851-06BCEC013610} = {18BC5DE3-0643-4985-8FAC-8A9D5ACBB873}
		{1802A725-59E0-4C4C-AE74-0D901A9FEB38} = {18BC5DE3-0643-4985-8FAC-8A9D5ACBB873}
		{80D4A705-5573-46DD-BC98-5E80F8DA2752} = {18BC5DE3-0643-4985-8FAC-8A9D5ACBB873}
		{C7160D19-C079-4F3A-ABA9-8E27BD61CD90} = {18BC5DE3-0643-4985-8FAC-8A9D5ACBB873}
		{A42A82EB-0CEF-4A38-A187-676005434BD6} = {25A1A61A-0023-4192-9B71-72C5AEEEE82A}
		{3B28B6BB-7EE7-46CF-9EA2-C78111E40404} = {1C832122-C1CC-4A12-A906-5CE4020F7D28}
		{E19E7900-AA18-4167-A539-954E1285C45F} = {1802A725-59E0-4C4C-AE74-0D901A9FEB38}
		{E851D4D7-09AB-4A1B-BCE6-5BA5AB7D9832} = {1802A725-59E0-4C4C-AE74-0D901A9FEB38}
		{9B97B80F-19A6-4DA8-9BF6-FEBAB72E2CA4} = {1802A725-59E0-4C4C-AE74-0D901A9FEB38}
		{3A3471A3-0520-4455-B2CB-3085C56D98AF} = {B06929F7-6BD1-4167-B95B-29955A6F00DC}
		{2EDD4E27-C303-4B43-9952-D134E10C4D71} = {B06929F7-6BD1-4167-B95B-29955A6F00DC}
		{AE5EDA53-4191-4DC7-B063-294347BF4F29} = {B06929F7-6BD1-4167-B95B-29955A6F00DC}
		{77CD6071-AB8D-45E0-949E-A35F81AAAD18} = {B06929F7-6BD1-4167-B95B-29955A6F00DC}
		{25D06793-6B31-4CF5-8204-B67D4DFED61F} = {B06929F7-6BD1-4167-B95B-29955A6F00DC}
		{4FA9EF63-76D1-480C-8928-26EB0E21D18E} = {FE59A220-92A7-4DF0-A2D8-1B1E495B1F86}
		{B1E3638D-F7B1-47A4-A9A4-9F7C2C231542} = {FE59A220-92A7-4DF0-A2D8-1B1E495B1F86}
		{14B534DF-918A-42F8-9E2E-E5BEC7D887CA} = {FE59A220-92A7-4DF0-A2D8-1B1E495B1F86}
	EndGlobalSection
EndGlobal
